
Microsoft Visual Studio Solution File, Format Version 12.00
# Visual Studio Version 17
VisualStudioVersion = 17.9.34902.65
MinimumVisualStudioVersion = 10.0.40219.1
Project("{9A19103F-16F7-4668-BE54-9A1E7A4F7556}") = "App", "App\App.csproj", "{43742F32-5EE2-4F2F-9758-FBE5DB1F3DB8}"
EndProject
Global
	GlobalSection(SolutionConfigurationPlatforms) = preSolution
		Debug|Any CPU = Debug|Any CPU
		Release|Any CPU = Release|Any CPU
	EndGlobalSection
	GlobalSection(ProjectConfigurationPlatforms) = postSolution
		{43742F32-5EE2-4F2F-9758-FBE5DB1F3DB8}.Debug|Any CPU.ActiveCfg = Debug|Any CPU
		{43742F32-5EE2-4F2F-9758-FBE5DB1F3DB8}.Debug|Any CPU.Build.0 = Debug|Any CPU
		{43742F32-5EE2-4F2F-9758-FBE5DB1F3DB8}.Release|Any CPU.ActiveCfg = Release|Any CPU
		{43742F32-5EE2-4F2F-9758-FBE5DB1F3DB8}.Release|Any CPU.Build.0 = Release|Any CPU
	EndGlobalSection
	GlobalSection(SolutionProperties) = preSolution
		HideSolutionNode = FALSE
	EndGlobalSection
	GlobalSection(ExtensibilityGlobals) = postSolution
		SolutionGuid = {1D034ADF-7B6E-408B-B115-FE574A059F0D}
	EndGlobalSection
EndGlobal
